{
  "name": "another-project",
  "version": "1.0.0",
  "lockfileVersion": 1,
  "requires": true,
  "dependencies": {
    "adm-zip": {
      "version": "0.4.10",
      "resolved": "https://registry.npmjs.org/adm-zip/-/adm-zip-0.4.10.tgz",
      "integrity": "sha512-075E4f1zFxHbsnn6C4OI4jVzUT1zV+M68QdBxcVxmO/Yqk35CFnFFYLaepvth68gzlIlyQ/hkaI2JY99Nh3C5Q=="
    }
  }
}
